
Microsoft Visual Studio Solution File, Format Version 12.00
# Visual Studio Version 16
VisualStudioVersion = 25.0.1706.7
MinimumVisualStudioVersion = 10.0.40219.1
Project("{FAE04EC0-301F-11D3-BF4B-00C04F79EFBC}") = "HotelListing.API", "HotelListing.API\HotelListing.API.csproj", "{765AB932-7895-45A2-975F-A7D992FB07BC}"
EndProject
Global
	GlobalSection(SolutionConfigurationPlatforms) = preSolution
		Debug|Any CPU = Debug|Any CPU
		Release|Any CPU = Release|Any CPU
	EndGlobalSection
	GlobalSection(ProjectConfigurationPlatforms) = postSolution
		{765AB932-7895-45A2-975F-A7D992FB07BC}.Debug|Any CPU.ActiveCfg = Debug|Any CPU
		{765AB932-7895-45A2-975F-A7D992FB07BC}.Debug|Any CPU.Build.0 = Debug|Any CPU
		{765AB932-7895-45A2-975F-A7D992FB07BC}.Release|Any CPU.ActiveCfg = Release|Any CPU
		{765AB932-7895-45A2-975F-A7D992FB07BC}.Release|Any CPU.Build.0 = Release|Any CPU
	EndGlobalSection
	GlobalSection(SolutionProperties) = preSolution
		HideSolutionNode = FALSE
	EndGlobalSection
	GlobalSection(ExtensibilityGlobals) = postSolution
		SolutionGuid = {3919F453-69F3-46E6-A4D2-3EF119C348E9}
	EndGlobalSection
EndGlobal
